// !$*UTF8*$!
{
	archiveVersion = 1;
	classes = {
	};
	objectVersion = 50;
	objects = {

/* Begin PBXBuildFile section */
		605ED080226DF57600D439D5 /* EntranceViewController.swift in Sources */ = {isa = PBXBuildFile; fileRef = 605ED07F226DF57600D439D5 /* EntranceViewController.swift */; };
		605ED082226DFC5C00D439D5 /* BattleFieldView.swift in Sources */ = {isa = PBXBuildFile; fileRef = 605ED081226DFC5C00D439D5 /* BattleFieldView.swift */; };
		605ED084226E031700D439D5 /* Battle.swift in Sources */ = {isa = PBXBuildFile; fileRef = 605ED083226E031700D439D5 /* Battle.swift */; };
		605ED086226E063400D439D5 /* Commons.swift in Sources */ = {isa = PBXBuildFile; fileRef = 605ED085226E063400D439D5 /* Commons.swift */; };
		60AADC00226DE4F300A0C5CA /* AppDelegate.swift in Sources */ = {isa = PBXBuildFile; fileRef = 60AADBFF226DE4F300A0C5CA /* AppDelegate.swift */; };
		60AADC05226DE4F300A0C5CA /* Main.storyboard in Resources */ = {isa = PBXBuildFile; fileRef = 60AADC03226DE4F300A0C5CA /* Main.storyboard */; };
		60AADC07226DE4F500A0C5CA /* Assets.xcassets in Resources */ = {isa = PBXBuildFile; fileRef = 60AADC06226DE4F500A0C5CA /* Assets.xcassets */; };
		60AADC0A226DE4F500A0C5CA /* LaunchScreen.storyboard in Resources */ = {isa = PBXBuildFile; fileRef = 60AADC08226DE4F500A0C5CA /* LaunchScreen.storyboard */; };
		60AADC15226DE4F600A0C5CA /* BeatrisTests.swift in Sources */ = {isa = PBXBuildFile; fileRef = 60AADC14226DE4F600A0C5CA /* BeatrisTests.swift */; };
		60AADC20226DE4F600A0C5CA /* BeatrisUITests.swift in Sources */ = {isa = PBXBuildFile; fileRef = 60AADC1F226DE4F600A0C5CA /* BeatrisUITests.swift */; };
		60AADC30226DE52B00A0C5CA /* Block.swift in Sources */ = {isa = PBXBuildFile; fileRef = 60AADC2F226DE52B00A0C5CA /* Block.swift */; };
		60AADC32226DE54E00A0C5CA /* BeatrisViewController.swift in Sources */ = {isa = PBXBuildFile; fileRef = 60AADC31226DE54E00A0C5CA /* BeatrisViewController.swift */; };
/* End PBXBuildFile section */

/* Begin PBXContainerItemProxy section */
		60AADC11226DE4F600A0C5CA /* PBXContainerItemProxy */ = {
			isa = PBXContainerItemProxy;
			containerPortal = 60AADBF4226DE4F300A0C5CA /* Project object */;
			proxyType = 1;
			remoteGlobalIDString = 60AADBFB226DE4F300A0C5CA;
			remoteInfo = Beatris;
		};
		60AADC1C226DE4F600A0C5CA /* PBXContainerItemProxy */ = {
			isa = PBXContainerItemProxy;
			containerPortal = 60AADBF4226DE4F300A0C5CA /* Project object */;
			proxyType = 1;
			remoteGlobalIDString = 60AADBFB226DE4F300A0C5CA;
			remoteInfo = Beatris;
		};
/* End PBXContainerItemProxy section */

/* Begin PBXFileReference section */
		605ED07F226DF57600D439D5 /* EntranceViewController.swift */ = {isa = PBXFileReference; lastKnownFileType = sourcecode.swift; path = EntranceViewController.swift; sourceTree = "<group>"; };
		605ED081226DFC5C00D439D5 /* BattleFieldView.swift */ = {isa = PBXFileReference; lastKnownFileType = sourcecode.swift; path = BattleFieldView.swift; sourceTree = "<group>"; };
		605ED083226E031700D439D5 /* Battle.swift */ = {isa = PBXFileReference; lastKnownFileType = sourcecode.swift; path = Battle.swift; sourceTree = "<group>"; };
		605ED085226E063400D439D5 /* Commons.swift */ = {isa = PBXFileReference; lastKnownFileType = sourcecode.swift; path = Commons.swift; sourceTree = "<group>"; };
		60AADBFC226DE4F300A0C5CA /* Beatris.app */ = {isa = PBXFileReference; explicitFileType = wrapper.application; includeInIndex = 0; path = Beatris.app; sourceTree = BUILT_PRODUCTS_DIR; };
		60AADBFF226DE4F300A0C5CA /* AppDelegate.swift */ = {isa = PBXFileReference; lastKnownFileType = sourcecode.swift; path = AppDelegate.swift; sourceTree = "<group>"; };
		60AADC04226DE4F300A0C5CA /* Base */ = {isa = PBXFileReference; lastKnownFileType = file.storyboard; name = Base; path = Base.lproj/Main.storyboard; sourceTree = "<group>"; };
		60AADC06226DE4F500A0C5CA /* Assets.xcassets */ = {isa = PBXFileReference; lastKnownFileType = folder.assetcatalog; path = Assets.xcassets; sourceTree = "<group>"; };
		60AADC09226DE4F500A0C5CA /* Base */ = {isa = PBXFileReference; lastKnownFileType = file.storyboard; name = Base; path = Base.lproj/LaunchScreen.storyboard; sourceTree = "<group>"; };
		60AADC0B226DE4F500A0C5CA /* Info.plist */ = {isa = PBXFileReference; lastKnownFileType = text.plist.xml; path = Info.plist; sourceTree = "<group>"; };
		60AADC10226DE4F600A0C5CA /* BeatrisTests.xctest */ = {isa = PBXFileReference; explicitFileType = wrapper.cfbundle; includeInIndex = 0; path = BeatrisTests.xctest; sourceTree = BUILT_PRODUCTS_DIR; };
		60AADC14226DE4F600A0C5CA /* BeatrisTests.swift */ = {isa = PBXFileReference; lastKnownFileType = sourcecode.swift; path = BeatrisTests.swift; sourceTree = "<group>"; };
		60AADC16226DE4F600A0C5CA /* Info.plist */ = {isa = PBXFileReference; lastKnownFileType = text.plist.xml; path = Info.plist; sourceTree = "<group>"; };
		60AADC1B226DE4F600A0C5CA /* BeatrisUITests.xctest */ = {isa = PBXFileReference; explicitFileType = wrapper.cfbundle; includeInIndex = 0; path = BeatrisUITests.xctest; sourceTree = BUILT_PRODUCTS_DIR; };
		60AADC1F226DE4F600A0C5CA /* BeatrisUITests.swift */ = {isa = PBXFileReference; lastKnownFileType = sourcecode.swift; path = BeatrisUITests.swift; sourceTree = "<group>"; };
		60AADC21226DE4F600A0C5CA /* Info.plist */ = {isa = PBXFileReference; lastKnownFileType = text.plist.xml; path = Info.plist; sourceTree = "<group>"; };
		60AADC2F226DE52B00A0C5CA /* Block.swift */ = {isa = PBXFileReference; lastKnownFileType = sourcecode.swift; path = Block.swift; sourceTree = "<group>"; };
		60AADC31226DE54E00A0C5CA /* BeatrisViewController.swift */ = {isa = PBXFileReference; lastKnownFileType = sourcecode.swift; path = BeatrisViewController.swift; sourceTree = "<group>"; };
/* End PBXFileReference section */

/* Begin PBXFrameworksBuildPhase section */
		60AADBF9226DE4F300A0C5CA /* Frameworks */ = {
			isa = PBXFrameworksBuildPhase;
			buildActionMask = 2147483647;
			files = (
			);
			runOnlyForDeploymentPostprocessing = 0;
		};
		60AADC0D226DE4F600A0C5CA /* Frameworks */ = {
			isa = PBXFrameworksBuildPhase;
			buildActionMask = 2147483647;
			files = (
			);
			runOnlyForDeploymentPostprocessing = 0;
		};
		60AADC18226DE4F600A0C5CA /* Frameworks */ = {
			isa = PBXFrameworksBuildPhase;
			buildActionMask = 2147483647;
			files = (
			);
			runOnlyForDeploymentPostprocessing = 0;
		};
/* End PBXFrameworksBuildPhase section */

/* Begin PBXGroup section */
		60AADBF3226DE4F300A0C5CA = {
			isa = PBXGroup;
			children = (
				60AADBFE226DE4F300A0C5CA /* Beatris */,
				60AADC13226DE4F600A0C5CA /* BeatrisTests */,
				60AADC1E226DE4F600A0C5CA /* BeatrisUITests */,
				60AADBFD226DE4F300A0C5CA /* Products */,
			);
			sourceTree = "<group>";
		};
		60AADBFD226DE4F300A0C5CA /* Products */ = {
			isa = PBXGroup;
			children = (
				60AADBFC226DE4F300A0C5CA /* Beatris.app */,
				60AADC10226DE4F600A0C5CA /* BeatrisTests.xctest */,
				60AADC1B226DE4F600A0C5CA /* BeatrisUITests.xctest */,
			);
			name = Products;
			sourceTree = "<group>";
		};
		60AADBFE226DE4F300A0C5CA /* Beatris */ = {
			isa = PBXGroup;
			children = (
				60AADC2E226DE51000A0C5CA /* Classes */,
				60AADBFF226DE4F300A0C5CA /* AppDelegate.swift */,
				605ED085226E063400D439D5 /* Commons.swift */,
				60AADC03226DE4F300A0C5CA /* Main.storyboard */,
				60AADC06226DE4F500A0C5CA /* Assets.xcassets */,
				60AADC08226DE4F500A0C5CA /* LaunchScreen.storyboard */,
				60AADC0B226DE4F500A0C5CA /* Info.plist */,
			);
			path = Beatris;
			sourceTree = "<group>";
		};
		60AADC13226DE4F600A0C5CA /* BeatrisTests */ = {
			isa = PBXGroup;
			children = (
				60AADC14226DE4F600A0C5CA /* BeatrisTests.swift */,
				60AADC16226DE4F600A0C5CA /* Info.plist */,
			);
			path = BeatrisTests;
			sourceTree = "<group>";
		};
		60AADC1E226DE4F600A0C5CA /* BeatrisUITests */ = {
			isa = PBXGroup;
			children = (
				60AADC1F226DE4F600A0C5CA /* BeatrisUITests.swift */,
				60AADC21226DE4F600A0C5CA /* Info.plist */,
			);
			path = BeatrisUITests;
			sourceTree = "<group>";
		};
		60AADC2E226DE51000A0C5CA /* Classes */ = {
			isa = PBXGroup;
			children = (
				60AADC2F226DE52B00A0C5CA /* Block.swift */,
				60AADC31226DE54E00A0C5CA /* BeatrisViewController.swift */,
				605ED07F226DF57600D439D5 /* EntranceViewController.swift */,
				605ED081226DFC5C00D439D5 /* BattleFieldView.swift */,
				605ED083226E031700D439D5 /* Battle.swift */,
			);
			path = Classes;
			sourceTree = "<group>";
		};
/* End PBXGroup section */

/* Begin PBXNativeTarget section */
		60AADBFB226DE4F300A0C5CA /* Beatris */ = {
			isa = PBXNativeTarget;
			buildConfigurationList = 60AADC24226DE4F600A0C5CA /* Build configuration list for PBXNativeTarget "Beatris" */;
			buildPhases = (
				60AADBF8226DE4F300A0C5CA /* Sources */,
				60AADBF9226DE4F300A0C5CA /* Frameworks */,
				60AADBFA226DE4F300A0C5CA /* Resources */,
			);
			buildRules = (
			);
			dependencies = (
			);
			name = Beatris;
			productName = Beatris;
			productReference = 60AADBFC226DE4F300A0C5CA /* Beatris.app */;
			productType = "com.apple.product-type.application";
		};
		60AADC0F226DE4F600A0C5CA /* BeatrisTests */ = {
			isa = PBXNativeTarget;
			buildConfigurationList = 60AADC27226DE4F600A0C5CA /* Build configuration list for PBXNativeTarget "BeatrisTests" */;
			buildPhases = (
				60AADC0C226DE4F600A0C5CA /* Sources */,
				60AADC0D226DE4F600A0C5CA /* Frameworks */,
				60AADC0E226DE4F600A0C5CA /* Resources */,
			);
			buildRules = (
			);
			dependencies = (
				60AADC12226DE4F600A0C5CA /* PBXTargetDependency */,
			);
			name = BeatrisTests;
			productName = BeatrisTests;
			productReference = 60AADC10226DE4F600A0C5CA /* BeatrisTests.xctest */;
			productType = "com.apple.product-type.bundle.unit-test";
		};
		60AADC1A226DE4F600A0C5CA /* BeatrisUITests */ = {
			isa = PBXNativeTarget;
			buildConfigurationList = 60AADC2A226DE4F600A0C5CA /* Build configuration list for PBXNativeTarget "BeatrisUITests" */;
			buildPhases = (
				60AADC17226DE4F600A0C5CA /* Sources */,
				60AADC18226DE4F600A0C5CA /* Frameworks */,
				60AADC19226DE4F600A0C5CA /* Resources */,
			);
			buildRules = (
			);
			dependencies = (
				60AADC1D226DE4F600A0C5CA /* PBXTargetDependency */,
			);
			name = BeatrisUITests;
			productName = BeatrisUITests;
			productReference = 60AADC1B226DE4F600A0C5CA /* BeatrisUITests.xctest */;
			productType = "com.apple.product-type.bundle.ui-testing";
		};
/* End PBXNativeTarget section */

/* Begin PBXProject section */
		60AADBF4226DE4F300A0C5CA /* Project object */ = {
			isa = PBXProject;
			attributes = {
				LastSwiftUpdateCheck = 1010;
				LastUpgradeCheck = 1010;
				ORGANIZATIONNAME = hkim;
				TargetAttributes = {
					60AADBFB226DE4F300A0C5CA = {
						CreatedOnToolsVersion = 10.1;
					};
					60AADC0F226DE4F600A0C5CA = {
						CreatedOnToolsVersion = 10.1;
						TestTargetID = 60AADBFB226DE4F300A0C5CA;
					};
					60AADC1A226DE4F600A0C5CA = {
						CreatedOnToolsVersion = 10.1;
						TestTargetID = 60AADBFB226DE4F300A0C5CA;
					};
				};
			};
			buildConfigurationList = 60AADBF7226DE4F300A0C5CA /* Build configuration list for PBXProject "Beatris" */;
			compatibilityVersion = "Xcode 9.3";
			developmentRegion = en;
			hasScannedForEncodings = 0;
			knownRegions = (
				en,
				Base,
			);
			mainGroup = 60AADBF3226DE4F300A0C5CA;
			productRefGroup = 60AADBFD226DE4F300A0C5CA /* Products */;
			projectDirPath = "";
			projectRoot = "";
			targets = (
				60AADBFB226DE4F300A0C5CA /* Beatris */,
				60AADC0F226DE4F600A0C5CA /* BeatrisTests */,
				60AADC1A226DE4F600A0C5CA /* BeatrisUITests */,
			);
		};
/* End PBXProject section */

/* Begin PBXResourcesBuildPhase section */
		60AADBFA226DE4F300A0C5CA /* Resources */ = {
			isa = PBXResourcesBuildPhase;
			buildActionMask = 2147483647;
			files = (
				60AADC0A226DE4F500A0C5CA /* LaunchScreen.storyboard in Resources */,
				60AADC07226DE4F500A0C5CA /* Assets.xcassets in Resources */,
				60AADC05226DE4F300A0C5CA /* Main.storyboard in Resources */,
			);
			runOnlyForDeploymentPostprocessing = 0;
		};
		60AADC0E226DE4F600A0C5CA /* Resources */ = {
			isa = PBXResourcesBuildPhase;
			buildActionMask = 2147483647;
			files = (
			);
			runOnlyForDeploymentPostprocessing = 0;
		};
		60AADC19226DE4F600A0C5CA /* Resources */ = {
			isa = PBXResourcesBuildPhase;
			buildActionMask = 2147483647;
			files = (
			);
			runOnlyForDeploymentPostprocessing = 0;
		};
/* End PBXResourcesBuildPhase section */

/* Begin PBXSourcesBuildPhase section */
		60AADBF8226DE4F300A0C5CA /* Sources */ = {
			isa = PBXSourcesBuildPhase;
			buildActionMask = 2147483647;
			files = (
				605ED086226E063400D439D5 /* Commons.swift in Sources */,
				60AADC30226DE52B00A0C5CA /* Block.swift in Sources */,
				605ED082226DFC5C00D439D5 /* BattleFieldView.swift in Sources */,
				60AADC00226DE4F300A0C5CA /* AppDelegate.swift in Sources */,
				60AADC32226DE54E00A0C5CA /* BeatrisViewController.swift in Sources */,
				605ED080226DF57600D439D5 /* EntranceViewController.swift in Sources */,
				605ED084226E031700D439D5 /* Battle.swift in Sources */,
			);
			runOnlyForDeploymentPostprocessing = 0;
		};
		60AADC0C226DE4F600A0C5CA /* Sources */ = {
			isa = PBXSourcesBuildPhase;
			buildActionMask = 2147483647;
			files = (
				60AADC15226DE4F600A0C5CA /* BeatrisTests.swift in Sources */,
			);
			runOnlyForDeploymentPostprocessing = 0;
		};
		60AADC17226DE4F600A0C5CA /* Sources */ = {
			isa = PBXSourcesBuildPhase;
			buildActionMask = 2147483647;
			files = (
				60AADC20226DE4F600A0C5CA /* BeatrisUITests.swift in Sources */,
			);
			runOnlyForDeploymentPostprocessing = 0;
		};
/* End PBXSourcesBuildPhase section */

/* Begin PBXTargetDependency section */
		60AADC12226DE4F600A0C5CA /* PBXTargetDependency */ = {
			isa = PBXTargetDependency;
			target = 60AADBFB226DE4F300A0C5CA /* Beatris */;
			targetProxy = 60AADC11226DE4F600A0C5CA /* PBXContainerItemProxy */;
		};
		60AADC1D226DE4F600A0C5CA /* PBXTargetDependency */ = {
			isa = PBXTargetDependency;
			target = 60AADBFB226DE4F300A0C5CA /* Beatris */;
			targetProxy = 60AADC1C226DE4F600A0C5CA /* PBXContainerItemProxy */;
		};
/* End PBXTargetDependency section */

/* Begin PBXVariantGroup section */
		60AADC03226DE4F300A0C5CA /* Main.storyboard */ = {
			isa = PBXVariantGroup;
			children = (
				60AADC04226DE4F300A0C5CA /* Base */,
			);
			name = Main.storyboard;
			sourceTree = "<group>";
		};
		60AADC08226DE4F500A0C5CA /* LaunchScreen.storyboard */ = {
			isa = PBXVariantGroup;
			children = (
				60AADC09226DE4F500A0C5CA /* Base */,
			);
			name = LaunchScreen.storyboard;
			sourceTree = "<group>";
		};
/* End PBXVariantGroup section */

/* Begin XCBuildConfiguration section */
		60AADC22226DE4F600A0C5CA /* Debug */ = {
			isa = XCBuildConfiguration;
			buildSettings = {
				ALWAYS_SEARCH_USER_PATHS = NO;
				CLANG_ANALYZER_NONNULL = YES;
				CLANG_ANALYZER_NUMBER_OBJECT_CONVERSION = YES_AGGRESSIVE;
				CLANG_CXX_LANGUAGE_STANDARD = "gnu++14";
				CLANG_CXX_LIBRARY = "libc++";
				CLANG_ENABLE_MODULES = YES;
				CLANG_ENABLE_OBJC_ARC = YES;
				CLANG_ENABLE_OBJC_WEAK = YES;
				CLANG_WARN_BLOCK_CAPTURE_AUTORELEASING = YES;
				CLANG_WARN_BOOL_CONVERSION = YES;
				CLANG_WARN_COMMA = YES;
				CLANG_WARN_CONSTANT_CONVERSION = YES;
				CLANG_WARN_DEPRECATED_OBJC_IMPLEMENTATIONS = YES;
				CLANG_WARN_DIRECT_OBJC_ISA_USAGE = YES_ERROR;
				CLANG_WARN_DOCUMENTATION_COMMENTS = YES;
				CLANG_WARN_EMPTY_BODY = YES;
				CLANG_WARN_ENUM_CONVERSION = YES;
				CLANG_WARN_INFINITE_RECURSION = YES;
				CLANG_WARN_INT_CONVERSION = YES;
				CLANG_WARN_NON_LITERAL_NULL_CONVERSION = YES;
				CLANG_WARN_OBJC_IMPLICIT_RETAIN_SELF = YES;
				CLANG_WARN_OBJC_LITERAL_CONVERSION = YES;
				CLANG_WARN_OBJC_ROOT_CLASS = YES_ERROR;
				CLANG_WARN_RANGE_LOOP_ANALYSIS = YES;
				CLANG_WARN_STRICT_PROTOTYPES = YES;
				CLANG_WARN_SUSPICIOUS_MOVE = YES;
				CLANG_WARN_UNGUARDED_AVAILABILITY = YES_AGGRESSIVE;
				CLANG_WARN_UNREACHABLE_CODE = YES;
				CLANG_WARN__DUPLICATE_METHOD_MATCH = YES;
				CODE_SIGN_IDENTITY = "iPhone Developer";
				COPY_PHASE_STRIP = NO;
				DEBUG_INFORMATION_FORMAT = dwarf;
				ENABLE_STRICT_OBJC_MSGSEND = YES;
				ENABLE_TESTABILITY = YES;
				GCC_C_LANGUAGE_STANDARD = gnu11;
				GCC_DYNAMIC_NO_PIC = NO;
				GCC_NO_COMMON_BLOCKS = YES;
				GCC_OPTIMIZATION_LEVEL = 0;
				GCC_PREPROCESSOR_DEFINITIONS = (
					"DEBUG=1",
					"$(inherited)",
				);
				GCC_WARN_64_TO_32_BIT_CONVERSION = YES;
				GCC_WARN_ABOUT_RETURN_TYPE = YES_ERROR;
				GCC_WARN_UNDECLARED_SELECTOR = YES;
				GCC_WARN_UNINITIALIZED_AUTOS = YES_AGGRESSIVE;
				GCC_WARN_UNUSED_FUNCTION = YES;
				GCC_WARN_UNUSED_VARIABLE = YES;
				IPHONEOS_DEPLOYMENT_TARGET = 12.1;
				MTL_ENABLE_DEBUG_INFO = INCLUDE_SOURCE;
				MTL_FAST_MATH = YES;
				ONLY_ACTIVE_ARCH = YES;
				SDKROOT = iphoneos;
				SWIFT_ACTIVE_COMPILATION_CONDITIONS = DEBUG;
				SWIFT_OPTIMIZATION_LEVEL = "-Onone";
			};
			name = Debug;
		};
		60AADC23226DE4F600A0C5CA /* Release */ = {
			isa = XCBuildConfiguration;
			buildSettings = {
				ALWAYS_SEARCH_USER_PATHS = NO;
				CLANG_ANALYZER_NONNULL = YES;
				CLANG_ANALYZER_NUMBER_OBJECT_CONVERSION = YES_AGGRESSIVE;
				CLANG_CXX_LANGUAGE_STANDARD = "gnu++14";
				CLANG_CXX_LIBRARY = "libc++";
				CLANG_ENABLE_MODULES = YES;
				CLANG_ENABLE_OBJC_ARC = YES;
				CLANG_ENABLE_OBJC_WEAK = YES;
				CLANG_WARN_BLOCK_CAPTURE_AUTORELEASING = YES;
				CLANG_WARN_BOOL_CONVERSION = YES;
				CLANG_WARN_COMMA = YES;
				CLANG_WARN_CONSTANT_CONVERSION = YES;
				CLANG_WARN_DEPRECATED_OBJC_IMPLEMENTATIONS = YES;
				CLANG_WARN_DIRECT_OBJC_ISA_USAGE = YES_ERROR;
				CLANG_WARN_DOCUMENTATION_COMMENTS = YES;
				CLANG_WARN_EMPTY_BODY = YES;
				CLANG_WARN_ENUM_CONVERSION = YES;
				CLANG_WARN_INFINITE_RECURSION = YES;
				CLANG_WARN_INT_CONVERSION = YES;
				CLANG_WARN_NON_LITERAL_NULL_CONVERSION = YES;
				CLANG_WARN_OBJC_IMPLICIT_RETAIN_SELF = YES;
				CLANG_WARN_OBJC_LITERAL_CONVERSION = YES;
				CLANG_WARN_OBJC_ROOT_CLASS = YES_ERROR;
				CLANG_WARN_RANGE_LOOP_ANALYSIS = YES;
				CLANG_WARN_STRICT_PROTOTYPES = YES;
				CLANG_WARN_SUSPICIOUS_MOVE = YES;
				CLANG_WARN_UNGUARDED_AVAILABILITY = YES_AGGRESSIVE;
				CLANG_WARN_UNREACHABLE_CODE = YES;
				CLANG_WARN__DUPLICATE_METHOD_MATCH = YES;
				CODE_SIGN_IDENTITY = "iPhone Developer";
				COPY_PHASE_STRIP = NO;
				DEBUG_INFORMATION_FORMAT = "dwarf-with-dsym";
				ENABLE_NS_ASSERTIONS = NO;
				ENABLE_STRICT_OBJC_MSGSEND = YES;
				GCC_C_LANGUAGE_STANDARD = gnu11;
				GCC_NO_COMMON_BLOCKS = YES;
				GCC_WARN_64_TO_32_BIT_CONVERSION = YES;
				GCC_WARN_ABOUT_RETURN_TYPE = YES_ERROR;
				GCC_WARN_UNDECLARED_SELECTOR = YES;
				GCC_WARN_UNINITIALIZED_AUTOS = YES_AGGRESSIVE;
				GCC_WARN_UNUSED_FUNCTION = YES;
				GCC_WARN_UNUSED_VARIABLE = YES;
				IPHONEOS_DEPLOYMENT_TARGET = 12.1;
				MTL_ENABLE_DEBUG_INFO = NO;
				MTL_FAST_MATH = YES;
				SDKROOT = iphoneos;
				SWIFT_COMPILATION_MODE = wholemodule;
				SWIFT_OPTIMIZATION_LEVEL = "-O";
				VALIDATE_PRODUCT = YES;
			};
			name = Release;
		};
		60AADC25226DE4F600A0C5CA /* Debug */ = {
			isa = XCBuildConfiguration;
			buildSettings = {
				ASSETCATALOG_COMPILER_APPICON_NAME = AppIcon;
				CODE_SIGN_STYLE = Automatic;
				DEVELOPMENT_TEAM = AXJ343FTFR;
				INFOPLIST_FILE = Beatris/Info.plist;
				IPHONEOS_DEPLOYMENT_TARGET = 10.0;
				LD_RUNPATH_SEARCH_PATHS = (
					"$(inherited)",
					"@executable_path/Frameworks",
				);
				PRODUCT_BUNDLE_IDENTIFIER = com.hkim.Beatris;
				PRODUCT_NAME = "$(TARGET_NAME)";
				SWIFT_VERSION = 4.2;
				TARGETED_DEVICE_FAMILY = "1,2";
			};
			name = Debug;
		};
		60AADC26226DE4F600A0C5CA /* Release */ = {
			isa = XCBuildConfiguration;
			buildSettings = {
				ASSETCATALOG_COMPILER_APPICON_NAME = AppIcon;
				CODE_SIGN_STYLE = Automatic;
				DEVELOPMENT_TEAM = AXJ343FTFR;
				INFOPLIST_FILE = Beatris/Info.plist;
				IPHONEOS_DEPLOYMENT_TARGET = 10.0;
				LD_RUNPATH_SEARCH_PATHS = (
					"$(inherited)",
					"@executable_path/Frameworks",
				);
				PRODUCT_BUNDLE_IDENTIFIER = com.hkim.Beatris;
				PRODUCT_NAME = "$(TARGET_NAME)";
				SWIFT_VERSION = 4.2;
				TARGETED_DEVICE_FAMILY = "1,2";
			};
			name = Release;
		};
		60AADC28226DE4F600A0C5CA /* Debug */ = {
			isa = XCBuildConfiguration;
			buildSettings = {
				ALWAYS_EMBED_SWIFT_STANDARD_LIBRARIES = YES;
				BUNDLE_LOADER = "$(TEST_HOST)";
				CODE_SIGN_STYLE = Automatic;
				INFOPLIST_FILE = BeatrisTests/Info.plist;
				LD_RUNPATH_SEARCH_PATHS = (
					"$(inherited)",
					"@executable_path/Frameworks",
					"@loader_path/Frameworks",
				);
				PRODUCT_BUNDLE_IDENTIFIER = com.hkim.BeatrisTests;
				PRODUCT_NAME = "$(TARGET_NAME)";
				SWIFT_VERSION = 4.2;
				TARGETED_DEVICE_FAMILY = "1,2";
				TEST_HOST = "$(BUILT_PRODUCTS_DIR)/Beatris.app/Beatris";
			};
			name = Debug;
		};
		60AADC29226DE4F600A0C5CA /* Release */ = {
			isa = XCBuildConfiguration;
			buildSettings = {
				ALWAYS_EMBED_SWIFT_STANDARD_LIBRARIES = YES;
				BUNDLE_LOADER = "$(TEST_HOST)";
				CODE_SIGN_STYLE = Automatic;
				INFOPLIST_FILE = BeatrisTests/Info.plist;
				LD_RUNPATH_SEARCH_PATHS = (
					"$(inherited)",
					"@executable_path/Frameworks",
					"@loader_path/Frameworks",
				);
				PRODUCT_BUNDLE_IDENTIFIER = com.hkim.BeatrisTests;
				PRODUCT_NAME = "$(TARGET_NAME)";
				SWIFT_VERSION = 4.2;
				TARGETED_DEVICE_FAMILY = "1,2";
				TEST_HOST = "$(BUILT_PRODUCTS_DIR)/Beatris.app/Beatris";
			};
			name = Release;
		};
		60AADC2B226DE4F600A0C5CA /* Debug */ = {
			isa = XCBuildConfiguration;
			buildSettings = {
				ALWAYS_EMBED_SWIFT_STANDARD_LIBRARIES = YES;
				CODE_SIGN_STYLE = Automatic;
				INFOPLIST_FILE = BeatrisUITests/Info.plist;
				LD_RUNPATH_SEARCH_PATHS = (
					"$(inherited)",
					"@executable_path/Frameworks",
					"@loader_path/Frameworks",
				);
				PRODUCT_BUNDLE_IDENTIFIER = com.hkim.BeatrisUITests;
				PRODUCT_NAME = "$(TARGET_NAME)";
				SWIFT_VERSION = 4.2;
				TARGETED_DEVICE_FAMILY = "1,2";
				TEST_TARGET_NAME = Beatris;
			};
			name = Debug;
		};
		60AADC2C226DE4F600A0C5CA /* Release */ = {
			isa = XCBuildConfiguration;
			buildSettings = {
				ALWAYS_EMBED_SWIFT_STANDARD_LIBRARIES = YES;
				CODE_SIGN_STYLE = Automatic;
				INFOPLIST_FILE = BeatrisUITests/Info.plist;
				LD_RUNPATH_SEARCH_PATHS = (
					"$(inherited)",
					"@executable_path/Frameworks",
					"@loader_path/Frameworks",
				);
				PRODUCT_BUNDLE_IDENTIFIER = com.hkim.BeatrisUITests;
				PRODUCT_NAME = "$(TARGET_NAME)";
				SWIFT_VERSION = 4.2;
				TARGETED_DEVICE_FAMILY = "1,2";
				TEST_TARGET_NAME = Beatris;
			};
			name = Release;
		};
/* End XCBuildConfiguration section */

/* Begin XCConfigurationList section */
		60AADBF7226DE4F300A0C5CA /* Build configuration list for PBXProject "Beatris" */ = {
			isa = XCConfigurationList;
			buildConfigurations = (
				60AADC22226DE4F600A0C5CA /* Debug */,
				60AADC23226DE4F600A0C5CA /* Release */,
			);
			defaultConfigurationIsVisible = 0;
			defaultConfigurationName = Release;
		};
		60AADC24226DE4F600A0C5CA /* Build configuration list for PBXNativeTarget "Beatris" */ = {
			isa = XCConfigurationList;
			buildConfigurations = (
				60AADC25226DE4F600A0C5CA /* Debug */,
				60AADC26226DE4F600A0C5CA /* Release */,
			);
			defaultConfigurationIsVisible = 0;
			defaultConfigurationName = Release;
		};
		60AADC27226DE4F600A0C5CA /* Build configuration list for PBXNativeTarget "BeatrisTests" */ = {
			isa = XCConfigurationList;
			buildConfigurations = (
				60AADC28226DE4F600A0C5CA /* Debug */,
				60AADC29226DE4F600A0C5CA /* Release */,
			);
			defaultConfigurationIsVisible = 0;
			defaultConfigurationName = Release;
		};
		60AADC2A226DE4F600A0C5CA /* Build configuration list for PBXNativeTarget "BeatrisUITests" */ = {
			isa = XCConfigurationList;
			buildConfigurations = (
				60AADC2B226DE4F600A0C5CA /* Debug */,
				60AADC2C226DE4F600A0C5CA /* Release */,
			);
			defaultConfigurationIsVisible = 0;
			defaultConfigurationName = Release;
		};
/* End XCConfigurationList section */
	};
	rootObject = 60AADBF4226DE4F300A0C5CA /* Project object */;
}
